
Microsoft Visual Studio Solution File, Format Version 12.00
# Visual Studio 15
VisualStudioVersion = 15.0.27428.2005
MinimumVisualStudioVersion = 10.0.40219.1
Project("{FAE04EC0-301F-11D3-BF4B-00C04F79EFBC}") = "Logic", "Logic\Logic.csproj", "{9E99C678-0BB6-4D55-85B7-9A73C5992A1B}"
EndProject
Global
	GlobalSection(SolutionConfigurationPlatforms) = preSolution
		Debug|Any CPU = Debug|Any CPU
		Release|Any CPU = Release|Any CPU
	EndGlobalSection
	GlobalSection(ProjectConfigurationPlatforms) = postSolution
		{9E99C678-0BB6-4D55-85B7-9A73C5992A1B}.Debug|Any CPU.ActiveCfg = Debug|Any CPU
		{9E99C678-0BB6-4D55-85B7-9A73C5992A1B}.Debug|Any CPU.Build.0 = Debug|Any CPU
		{9E99C678-0BB6-4D55-85B7-9A73C5992A1B}.Release|Any CPU.ActiveCfg = Release|Any CPU
		{9E99C678-0BB6-4D55-85B7-9A73C5992A1B}.Release|Any CPU.Build.0 = Release|Any CPU
	EndGlobalSection
	GlobalSection(SolutionProperties) = preSolution
		HideSolutionNode = FALSE
	EndGlobalSection
	GlobalSection(ExtensibilityGlobals) = postSolution
		SolutionGuid = {7A24EE5D-8526-4E7E-AF85-810857B31E2C}
	EndGlobalSection
EndGlobal
